// !$*UTF8*$!
{
	archiveVersion = 1;
	classes = {
	};
	objectVersion = 56;
	objects = {

/* Begin PBXBuildFile section */
		4DCA24182ABE6C38005E9877 /* IM_SocialApp.swift in Sources */ = {isa = PBXBuildFile; fileRef = 4DCA24172ABE6C38005E9877 /* IM_SocialApp.swift */; };
		4DCA241A2ABE6C38005E9877 /* ContentView.swift in Sources */ = {isa = PBXBuildFile; fileRef = 4DCA24192ABE6C38005E9877 /* ContentView.swift */; };
		4DCA241C2ABE6C39005E9877 /* Assets.xcassets in Resources */ = {isa = PBXBuildFile; fileRef = 4DCA241B2ABE6C39005E9877 /* Assets.xcassets */; };
		4DCA241F2ABE6C39005E9877 /* Preview Assets.xcassets in Resources */ = {isa = PBXBuildFile; fileRef = 4DCA241E2ABE6C39005E9877 /* Preview Assets.xcassets */; };
		4DCA24212ABE6C39005E9877 /* Persistence.swift in Sources */ = {isa = PBXBuildFile; fileRef = 4DCA24202ABE6C39005E9877 /* Persistence.swift */; };
		4DCA24242ABE6C39005E9877 /* IM_Social.xcdatamodeld in Sources */ = {isa = PBXBuildFile; fileRef = 4DCA24222ABE6C39005E9877 /* IM_Social.xcdatamodeld */; };
		4DCA242C2ABE6C62005E9877 /* DataController.swift in Sources */ = {isa = PBXBuildFile; fileRef = 4DCA242B2ABE6C62005E9877 /* DataController.swift */; };
		4DCA242E2ABE6CAB005E9877 /* MainView.swift in Sources */ = {isa = PBXBuildFile; fileRef = 4DCA242D2ABE6CAB005E9877 /* MainView.swift */; };
/* End PBXBuildFile section */

/* Begin PBXFileReference section */
		4DCA24142ABE6C38005E9877 /* IM Social.app */ = {isa = PBXFileReference; explicitFileType = wrapper.application; includeInIndex = 0; path = "IM Social.app"; sourceTree = BUILT_PRODUCTS_DIR; };
		4DCA24172ABE6C38005E9877 /* IM_SocialApp.swift */ = {isa = PBXFileReference; lastKnownFileType = sourcecode.swift; path = IM_SocialApp.swift; sourceTree = "<group>"; };
		4DCA24192ABE6C38005E9877 /* ContentView.swift */ = {isa = PBXFileReference; lastKnownFileType = sourcecode.swift; path = ContentView.swift; sourceTree = "<group>"; };
		4DCA241B2ABE6C39005E9877 /* Assets.xcassets */ = {isa = PBXFileReference; lastKnownFileType = folder.assetcatalog; path = Assets.xcassets; sourceTree = "<group>"; };
		4DCA241E2ABE6C39005E9877 /* Preview Assets.xcassets */ = {isa = PBXFileReference; lastKnownFileType = folder.assetcatalog; path = "Preview Assets.xcassets"; sourceTree = "<group>"; };
		4DCA24202ABE6C39005E9877 /* Persistence.swift */ = {isa = PBXFileReference; lastKnownFileType = sourcecode.swift; path = Persistence.swift; sourceTree = "<group>"; };
		4DCA24232ABE6C39005E9877 /* IM_Social.xcdatamodel */ = {isa = PBXFileReference; lastKnownFileType = wrapper.xcdatamodel; path = IM_Social.xcdatamodel; sourceTree = "<group>"; };
		4DCA242B2ABE6C62005E9877 /* DataController.swift */ = {isa = PBXFileReference; lastKnownFileType = sourcecode.swift; path = DataController.swift; sourceTree = "<group>"; };
		4DCA242D2ABE6CAB005E9877 /* MainView.swift */ = {isa = PBXFileReference; lastKnownFileType = sourcecode.swift; path = MainView.swift; sourceTree = "<group>"; };
/* End PBXFileReference section */

/* Begin PBXFrameworksBuildPhase section */
		4DCA24112ABE6C38005E9877 /* Frameworks */ = {
			isa = PBXFrameworksBuildPhase;
			buildActionMask = 2147483647;
			files = (
			);
			runOnlyForDeploymentPostprocessing = 0;
		};
/* End PBXFrameworksBuildPhase section */

/* Begin PBXGroup section */
		4DCA240B2ABE6C38005E9877 = {
			isa = PBXGroup;
			children = (
				4DCA24162ABE6C38005E9877 /* IM Social */,
				4DCA24152ABE6C38005E9877 /* Products */,
			);
			sourceTree = "<group>";
		};
		4DCA24152ABE6C38005E9877 /* Products */ = {
			isa = PBXGroup;
			children = (
				4DCA24142ABE6C38005E9877 /* IM Social.app */,
			);
			name = Products;
			sourceTree = "<group>";
		};
		4DCA24162ABE6C38005E9877 /* IM Social */ = {
			isa = PBXGroup;
			children = (
				4DCA242A2ABE6C55005E9877 /* Model */,
				4DCA24172ABE6C38005E9877 /* IM_SocialApp.swift */,
				4DCA24192ABE6C38005E9877 /* ContentView.swift */,
				4DCA242D2ABE6CAB005E9877 /* MainView.swift */,
				4DCA241B2ABE6C39005E9877 /* Assets.xcassets */,
				4DCA24202ABE6C39005E9877 /* Persistence.swift */,
				4DCA24222ABE6C39005E9877 /* IM_Social.xcdatamodeld */,
				4DCA241D2ABE6C39005E9877 /* Preview Content */,
			);
			path = "IM Social";
			sourceTree = "<group>";
		};
		4DCA241D2ABE6C39005E9877 /* Preview Content */ = {
			isa = PBXGroup;
			children = (
				4DCA241E2ABE6C39005E9877 /* Preview Assets.xcassets */,
			);
			path = "Preview Content";
			sourceTree = "<group>";
		};
		4DCA242A2ABE6C55005E9877 /* Model */ = {
			isa = PBXGroup;
			children = (
				4DCA242B2ABE6C62005E9877 /* DataController.swift */,
			);
			path = Model;
			sourceTree = "<group>";
		};
/* End PBXGroup section */

/* Begin PBXNativeTarget section */
		4DCA24132ABE6C38005E9877 /* IM Social */ = {
			isa = PBXNativeTarget;
			buildConfigurationList = 4DCA24272ABE6C39005E9877 /* Build configuration list for PBXNativeTarget "IM Social" */;
			buildPhases = (
				4DCA24102ABE6C38005E9877 /* Sources */,
				4DCA24112ABE6C38005E9877 /* Frameworks */,
				4DCA24122ABE6C38005E9877 /* Resources */,
			);
			buildRules = (
			);
			dependencies = (
			);
			name = "IM Social";
			productName = "IM Social";
			productReference = 4DCA24142ABE6C38005E9877 /* IM Social.app */;
			productType = "com.apple.product-type.application";
		};
/* End PBXNativeTarget section */

/* Begin PBXProject section */
		4DCA240C2ABE6C38005E9877 /* Project object */ = {
			isa = PBXProject;
			attributes = {
				BuildIndependentTargetsInParallel = 1;
				LastSwiftUpdateCheck = 1430;
				LastUpgradeCheck = 1430;
				TargetAttributes = {
					4DCA24132ABE6C38005E9877 = {
						CreatedOnToolsVersion = 14.3.1;
					};
				};
			};
			buildConfigurationList = 4DCA240F2ABE6C38005E9877 /* Build configuration list for PBXProject "IM Social" */;
			compatibilityVersion = "Xcode 14.0";
			developmentRegion = en;
			hasScannedForEncodings = 0;
			knownRegions = (
				en,
				Base,
			);
			mainGroup = 4DCA240B2ABE6C38005E9877;
			productRefGroup = 4DCA24152ABE6C38005E9877 /* Products */;
			projectDirPath = "";
			projectRoot = "";
			targets = (
				4DCA24132ABE6C38005E9877 /* IM Social */,
			);
		};
/* End PBXProject section */

/* Begin PBXResourcesBuildPhase section */
		4DCA24122ABE6C38005E9877 /* Resources */ = {
			isa = PBXResourcesBuildPhase;
			buildActionMask = 2147483647;
			files = (
				4DCA241F2ABE6C39005E9877 /* Preview Assets.xcassets in Resources */,
				4DCA241C2ABE6C39005E9877 /* Assets.xcassets in Resources */,
			);
			runOnlyForDeploymentPostprocessing = 0;
		};
/* End PBXResourcesBuildPhase section */

/* Begin PBXSourcesBuildPhase section */
		4DCA24102ABE6C38005E9877 /* Sources */ = {
			isa = PBXSourcesBuildPhase;
			buildActionMask = 2147483647;
			files = (
				4DCA242C2ABE6C62005E9877 /* DataController.swift in Sources */,
				4DCA242E2ABE6CAB005E9877 /* MainView.swift in Sources */,
				4DCA24212ABE6C39005E9877 /* Persistence.swift in Sources */,
				4DCA241A2ABE6C38005E9877 /* ContentView.swift in Sources */,
				4DCA24242ABE6C39005E9877 /* IM_Social.xcdatamodeld in Sources */,
				4DCA24182ABE6C38005E9877 /* IM_SocialApp.swift in Sources */,
			);
			runOnlyForDeploymentPostprocessing = 0;
		};
/* End PBXSourcesBuildPhase section */

/* Begin XCBuildConfiguration section */
		4DCA24252ABE6C39005E9877 /* Debug */ = {
			isa = XCBuildConfiguration;
			buildSettings = {
				ALWAYS_SEARCH_USER_PATHS = NO;
				CLANG_ANALYZER_NONNULL = YES;
				CLANG_ANALYZER_NUMBER_OBJECT_CONVERSION = YES_AGGRESSIVE;
				CLANG_CXX_LANGUAGE_STANDARD = "gnu++20";
				CLANG_ENABLE_MODULES = YES;
				CLANG_ENABLE_OBJC_ARC = YES;
				CLANG_ENABLE_OBJC_WEAK = YES;
				CLANG_WARN_BLOCK_CAPTURE_AUTORELEASING = YES;
				CLANG_WARN_BOOL_CONVERSION = YES;
				CLANG_WARN_COMMA = YES;
				CLANG_WARN_CONSTANT_CONVERSION = YES;
				CLANG_WARN_DEPRECATED_OBJC_IMPLEMENTATIONS = YES;
				CLANG_WARN_DIRECT_OBJC_ISA_USAGE = YES_ERROR;
				CLANG_WARN_DOCUMENTATION_COMMENTS = YES;
				CLANG_WARN_EMPTY_BODY = YES;
				CLANG_WARN_ENUM_CONVERSION = YES;
				CLANG_WARN_INFINITE_RECURSION = YES;
				CLANG_WARN_INT_CONVERSION = YES;
				CLANG_WARN_NON_LITERAL_NULL_CONVERSION = YES;
				CLANG_WARN_OBJC_IMPLICIT_RETAIN_SELF = YES;
				CLANG_WARN_OBJC_LITERAL_CONVERSION = YES;
				CLANG_WARN_OBJC_ROOT_CLASS = YES_ERROR;
				CLANG_WARN_QUOTED_INCLUDE_IN_FRAMEWORK_HEADER = YES;
				CLANG_WARN_RANGE_LOOP_ANALYSIS = YES;
				CLANG_WARN_STRICT_PROTOTYPES = YES;
				CLANG_WARN_SUSPICIOUS_MOVE = YES;
				CLANG_WARN_UNGUARDED_AVAILABILITY = YES_AGGRESSIVE;
				CLANG_WARN_UNREACHABLE_CODE = YES;
				CLANG_WARN__DUPLICATE_METHOD_MATCH = YES;
				COPY_PHASE_STRIP = NO;
				DEBUG_INFORMATION_FORMAT = dwarf;
				ENABLE_STRICT_OBJC_MSGSEND = YES;
				ENABLE_TESTABILITY = YES;
				GCC_C_LANGUAGE_STANDARD = gnu11;
				GCC_DYNAMIC_NO_PIC = NO;
				GCC_NO_COMMON_BLOCKS = YES;
				GCC_OPTIMIZATION_LEVEL = 0;
				GCC_PREPROCESSOR_DEFINITIONS = (
					"DEBUG=1",
					"$(inherited)",
				);
				GCC_WARN_64_TO_32_BIT_CONVERSION = YES;
				GCC_WARN_ABOUT_RETURN_TYPE = YES_ERROR;
				GCC_WARN_UNDECLARED_SELECTOR = YES;
				GCC_WARN_UNINITIALIZED_AUTOS = YES_AGGRESSIVE;
				GCC_WARN_UNUSED_FUNCTION = YES;
				GCC_WARN_UNUSED_VARIABLE = YES;
				IPHONEOS_DEPLOYMENT_TARGET = 16.4;
				MTL_ENABLE_DEBUG_INFO = INCLUDE_SOURCE;
				MTL_FAST_MATH = YES;
				ONLY_ACTIVE_ARCH = YES;
				SDKROOT = iphoneos;
				SWIFT_ACTIVE_COMPILATION_CONDITIONS = DEBUG;
				SWIFT_OPTIMIZATION_LEVEL = "-Onone";
			};
			name = Debug;
		};
		4DCA24262ABE6C39005E9877 /* Release */ = {
			isa = XCBuildConfiguration;
			buildSettings = {
				ALWAYS_SEARCH_USER_PATHS = NO;
				CLANG_ANALYZER_NONNULL = YES;
				CLANG_ANALYZER_NUMBER_OBJECT_CONVERSION = YES_AGGRESSIVE;
				CLANG_CXX_LANGUAGE_STANDARD = "gnu++20";
				CLANG_ENABLE_MODULES = YES;
				CLANG_ENABLE_OBJC_ARC = YES;
				CLANG_ENABLE_OBJC_WEAK = YES;
				CLANG_WARN_BLOCK_CAPTURE_AUTORELEASING = YES;
				CLANG_WARN_BOOL_CONVERSION = YES;
				CLANG_WARN_COMMA = YES;
				CLANG_WARN_CONSTANT_CONVERSION = YES;
				CLANG_WARN_DEPRECATED_OBJC_IMPLEMENTATIONS = YES;
				CLANG_WARN_DIRECT_OBJC_ISA_USAGE = YES_ERROR;
				CLANG_WARN_DOCUMENTATION_COMMENTS = YES;
				CLANG_WARN_EMPTY_BODY = YES;
				CLANG_WARN_ENUM_CONVERSION = YES;
				CLANG_WARN_INFINITE_RECURSION = YES;
				CLANG_WARN_INT_CONVERSION = YES;
				CLANG_WARN_NON_LITERAL_NULL_CONVERSION = YES;
				CLANG_WARN_OBJC_IMPLICIT_RETAIN_SELF = YES;
				CLANG_WARN_OBJC_LITERAL_CONVERSION = YES;
				CLANG_WARN_OBJC_ROOT_CLASS = YES_ERROR;
				CLANG_WARN_QUOTED_INCLUDE_IN_FRAMEWORK_HEADER = YES;
				CLANG_WARN_RANGE_LOOP_ANALYSIS = YES;
				CLANG_WARN_STRICT_PROTOTYPES = YES;
				CLANG_WARN_SUSPICIOUS_MOVE = YES;
				CLANG_WARN_UNGUARDED_AVAILABILITY = YES_AGGRESSIVE;
				CLANG_WARN_UNREACHABLE_CODE = YES;
				CLANG_WARN__DUPLICATE_METHOD_MATCH = YES;
				COPY_PHASE_STRIP = NO;
				DEBUG_INFORMATION_FORMAT = "dwarf-with-dsym";
				ENABLE_NS_ASSERTIONS = NO;
				ENABLE_STRICT_OBJC_MSGSEND = YES;
				GCC_C_LANGUAGE_STANDARD = gnu11;
				GCC_NO_COMMON_BLOCKS = YES;
				GCC_WARN_64_TO_32_BIT_CONVERSION = YES;
				GCC_WARN_ABOUT_RETURN_TYPE = YES_ERROR;
				GCC_WARN_UNDECLARED_SELECTOR = YES;
				GCC_WARN_UNINITIALIZED_AUTOS = YES_AGGRESSIVE;
				GCC_WARN_UNUSED_FUNCTION = YES;
				GCC_WARN_UNUSED_VARIABLE = YES;
				IPHONEOS_DEPLOYMENT_TARGET = 16.4;
				MTL_ENABLE_DEBUG_INFO = NO;
				MTL_FAST_MATH = YES;
				SDKROOT = iphoneos;
				SWIFT_COMPILATION_MODE = wholemodule;
				SWIFT_OPTIMIZATION_LEVEL = "-O";
				VALIDATE_PRODUCT = YES;
			};
			name = Release;
		};
		4DCA24282ABE6C39005E9877 /* Debug */ = {
			isa = XCBuildConfiguration;
			buildSettings = {
				ASSETCATALOG_COMPILER_APPICON_NAME = AppIcon;
				ASSETCATALOG_COMPILER_GLOBAL_ACCENT_COLOR_NAME = AccentColor;
				CODE_SIGN_STYLE = Automatic;
				CURRENT_PROJECT_VERSION = 1;
				DEVELOPMENT_ASSET_PATHS = "\"IM Social/Preview Content\"";
				DEVELOPMENT_TEAM = G9TBJCK73T;
				ENABLE_PREVIEWS = YES;
				GENERATE_INFOPLIST_FILE = YES;
				INFOPLIST_KEY_UIApplicationSceneManifest_Generation = YES;
				INFOPLIST_KEY_UIApplicationSupportsIndirectInputEvents = YES;
				INFOPLIST_KEY_UILaunchScreen_Generation = YES;
				INFOPLIST_KEY_UISupportedInterfaceOrientations_iPad = "UIInterfaceOrientationPortrait UIInterfaceOrientationPortraitUpsideDown UIInterfaceOrientationLandscapeLeft UIInterfaceOrientationLandscapeRight";
				INFOPLIST_KEY_UISupportedInterfaceOrientations_iPhone = "UIInterfaceOrientationPortrait UIInterfaceOrientationLandscapeLeft UIInterfaceOrientationLandscapeRight";
				LD_RUNPATH_SEARCH_PATHS = (
					"$(inherited)",
					"@executable_path/Frameworks",
				);
				MARKETING_VERSION = 1.0;
				PRODUCT_BUNDLE_IDENTIFIER = "com.israman.somenews.IM-Social";
				PRODUCT_NAME = "$(TARGET_NAME)";
				SWIFT_EMIT_LOC_STRINGS = YES;
				SWIFT_VERSION = 5.0;
				TARGETED_DEVICE_FAMILY = "1,2";
			};
			name = Debug;
		};
		4DCA24292ABE6C39005E9877 /* Release */ = {
			isa = XCBuildConfiguration;
			buildSettings = {
				ASSETCATALOG_COMPILER_APPICON_NAME = AppIcon;
				ASSETCATALOG_COMPILER_GLOBAL_ACCENT_COLOR_NAME = AccentColor;
				CODE_SIGN_STYLE = Automatic;
				CURRENT_PROJECT_VERSION = 1;
				DEVELOPMENT_ASSET_PATHS = "\"IM Social/Preview Content\"";
				DEVELOPMENT_TEAM = G9TBJCK73T;
				ENABLE_PREVIEWS = YES;
				GENERATE_INFOPLIST_FILE = YES;
				INFOPLIST_KEY_UIApplicationSceneManifest_Generation = YES;
				INFOPLIST_KEY_UIApplicationSupportsIndirectInputEvents = YES;
				INFOPLIST_KEY_UILaunchScreen_Generation = YES;
				INFOPLIST_KEY_UISupportedInterfaceOrientations_iPad = "UIInterfaceOrientationPortrait UIInterfaceOrientationPortraitUpsideDown UIInterfaceOrientationLandscapeLeft UIInterfaceOrientationLandscapeRight";
				INFOPLIST_KEY_UISupportedInterfaceOrientations_iPhone = "UIInterfaceOrientationPortrait UIInterfaceOrientationLandscapeLeft UIInterfaceOrientationLandscapeRight";
				LD_RUNPATH_SEARCH_PATHS = (
					"$(inherited)",
					"@executable_path/Frameworks",
				);
				MARKETING_VERSION = 1.0;
				PRODUCT_BUNDLE_IDENTIFIER = "com.israman.somenews.IM-Social";
				PRODUCT_NAME = "$(TARGET_NAME)";
				SWIFT_EMIT_LOC_STRINGS = YES;
				SWIFT_VERSION = 5.0;
				TARGETED_DEVICE_FAMILY = "1,2";
			};
			name = Release;
		};
/* End XCBuildConfiguration section */

/* Begin XCConfigurationList section */
		4DCA240F2ABE6C38005E9877 /* Build configuration list for PBXProject "IM Social" */ = {
			isa = XCConfigurationList;
			buildConfigurations = (
				4DCA24252ABE6C39005E9877 /* Debug */,
				4DCA24262ABE6C39005E9877 /* Release */,
			);
			defaultConfigurationIsVisible = 0;
			defaultConfigurationName = Release;
		};
		4DCA24272ABE6C39005E9877 /* Build configuration list for PBXNativeTarget "IM Social" */ = {
			isa = XCConfigurationList;
			buildConfigurations = (
				4DCA24282ABE6C39005E9877 /* Debug */,
				4DCA24292ABE6C39005E9877 /* Release */,
			);
			defaultConfigurationIsVisible = 0;
			defaultConfigurationName = Release;
		};
/* End XCConfigurationList section */

/* Begin XCVersionGroup section */
		4DCA24222ABE6C39005E9877 /* IM_Social.xcdatamodeld */ = {
			isa = XCVersionGroup;
			children = (
				4DCA24232ABE6C39005E9877 /* IM_Social.xcdatamodel */,
			);
			currentVersion = 4DCA24232ABE6C39005E9877 /* IM_Social.xcdatamodel */;
			path = IM_Social.xcdatamodeld;
			sourceTree = "<group>";
			versionGroupType = wrapper.xcdatamodel;
		};
/* End XCVersionGroup section */
	};
	rootObject = 4DCA240C2ABE6C38005E9877 /* Project object */;
}
